{
  "version": 4,
  "terraform_version": "1.3.7",
  "serial": 124,
  "lineage": "d07dfca0-6c10-9c2c-1b87-5518251acc0e",
  "outputs": {
    "cluster_autoscaler_role_arn": {
      "value": "arn:aws:iam::443235607914:role/test_nodegroup-cluster-autoscaler",
      "type": "string"
    },
    "test_cluster_ca_certificate_base64": {
      "value": "LS0tLS1CRUdJTiBDRVJUSUZJQ0FURS0tLS0tCk1JSURCVENDQWUyZ0F3SUJBZ0lJQkN6ampuNWlUUUl3RFFZSktvWklodmNOQVFFTEJRQXdGVEVUTUJFR0ExVUUKQXhNS2EzVmlaWEp1WlhSbGN6QWVGdzB5TkRBNE1USXhOelE1TXpWYUZ3MHpOREE0TVRBeE56VTBNelZhTUJVeApFekFSQmdOVkJBTVRDbXQxWW1WeWJtVjBaWE13Z2dFaU1BMEdDU3FHU0liM0RRRUJBUVVBQTRJQkR3QXdnZ0VLCkFvSUJBUURlMVc0L2VZcXA1RUUwNHRRWTBXR1Y5RjVIVTlHakdZb0hLaXpiUmxFK3ZhNjVZOFUya3ZYd2VYSmEKamt6cXF5QlM5cUhiRnpoNkVsaU1NaTJxeU1SMms2cWxxUy9wWkFNWlhndk40L0lyWS9qYXUxOU4xS0czbmtmWQpXR2xOcmZaVzM5YmEyN0FIWE5LRFMzdFZwS0dWc0lsaHJEMXVGRTkyOVVETVFYVXJ1NDdQc3dVeWY4bncwSzNYCkh6RENzQXdRdGJYQVliclR5OFZ0Q1d4ZTBoWU1XK1ZTekFoL1ZSS2t5U2V1V1VCOXNDTFBqWHp6ekh6VFBWTDUKSmR1Q1Z1U3hJM3hwS3Z2SGlvSjZvdVlsQXl2RkowS09ZTTJsdzNHVXVBcDZRZEZ3N3pRZkxpUkNGL2hTWkhTbwpQa21tVVBXRVRHYWNjejJXZkJWazdzWnhCSElQQWdNQkFBR2pXVEJYTUE0R0ExVWREd0VCL3dRRUF3SUNwREFQCkJnTlZIUk1CQWY4RUJUQURBUUgvTUIwR0ExVWREZ1FXQkJTMDNoUFU5UDRxUnBJSXNtQ1lDZXJNYjdLRFFUQVYKQmdOVkhSRUVEakFNZ2dwcmRXSmxjbTVsZEdWek1BMEdDU3FHU0liM0RRRUJDd1VBQTRJQkFRQWl4UXo5bEloSwowVUpxazc1VnUxSElwMW9rWm1RTXZ3Wnljd0xKdzZNaC8rZTBBZEZ0Mi90S2ZoSmFZRk90NExOdVRxclR3eFpwCnBPQmlaQWM3alBCeW5MNFdIZklFVGdLK2I2VWxOTFA4dUd4U21BWUpaeGRVdTRUS3hnMktYWW1NRU8wWkZtNUcKUC8yWk9EVEhTSGt3cHp4YnAvT3YxK1l1cjcvb0dGTjVla1o5S3AwNDFZSXBWaC8yMkZlMU9DNjRUNFlORkxIVApGTnhvMVRVNFBYV3lyTVFtNzd1bVA1QUpkUXhYNkl1TmorOWFHTHd2ZVpUbm9tY05QYndUM2QxbHVpVG45c0QrCkNNU0NTMVpxeFRiKy81MlFaSmdQZzNTZUpBQmJ4czdMWnJWcEVjWm9Tckw2Q1BYREN1dTJBV3NJRk1QRnhDYzEKdmpYQ01HRGJZdU5nCi0tLS0tRU5EIENFUlRJRklDQVRFLS0tLS0K",
      "type": "string"
    },
    "test_cluster_endpoint": {
      "value": "https://7D830625E3A805209BAF5DB7778ACEDC.gr7.ap-south-1.eks.amazonaws.com",
      "type": "string"
    },
    "test_cluster_name": {
      "value": "test",
      "type": "string"
    }
  },
  "resources": [
    {
      "mode": "data",
      "type": "external",
      "name": "thumbprint",
      "provider": "provider[\"registry.terraform.io/hashicorp/external\"]",
      "instances": [
        {
          "schema_version": 0,
          "attributes": {
            "id": "-",
            "program": [
              "kubergrunt",
              "eks",
              "oidc-thumbprint",
              "--issuer-url",
              "https://oidc.eks.ap-south-1.amazonaws.com/id/7D830625E3A805209BAF5DB7778ACEDC"
            ],
            "query": null,
            "result": {
              "thumbprint": "9e99a48a9960b14926bb7f3b02e22da2b0ab7280"
            },
            "working_dir": null
          },
          "sensitive_attributes": []
        }
      ]
    },
    {
      "mode": "managed",
      "type": "aws_eks_cluster",
      "name": "test",
      "provider": "provider[\"registry.terraform.io/hashicorp/aws\"]",
      "instances": [
        {
          "schema_version": 0,
          "attributes": {
            "arn": "arn:aws:eks:ap-south-1:443235607914:cluster/test",
            "certificate_authority": [
              {
                "data": "LS0tLS1CRUdJTiBDRVJUSUZJQ0FURS0tLS0tCk1JSURCVENDQWUyZ0F3SUJBZ0lJQkN6ampuNWlUUUl3RFFZSktvWklodmNOQVFFTEJRQXdGVEVUTUJFR0ExVUUKQXhNS2EzVmlaWEp1WlhSbGN6QWVGdzB5TkRBNE1USXhOelE1TXpWYUZ3MHpOREE0TVRBeE56VTBNelZhTUJVeApFekFSQmdOVkJBTVRDbXQxWW1WeWJtVjBaWE13Z2dFaU1BMEdDU3FHU0liM0RRRUJBUVVBQTRJQkR3QXdnZ0VLCkFvSUJBUURlMVc0L2VZcXA1RUUwNHRRWTBXR1Y5RjVIVTlHakdZb0hLaXpiUmxFK3ZhNjVZOFUya3ZYd2VYSmEKamt6cXF5QlM5cUhiRnpoNkVsaU1NaTJxeU1SMms2cWxxUy9wWkFNWlhndk40L0lyWS9qYXUxOU4xS0czbmtmWQpXR2xOcmZaVzM5YmEyN0FIWE5LRFMzdFZwS0dWc0lsaHJEMXVGRTkyOVVETVFYVXJ1NDdQc3dVeWY4bncwSzNYCkh6RENzQXdRdGJYQVliclR5OFZ0Q1d4ZTBoWU1XK1ZTekFoL1ZSS2t5U2V1V1VCOXNDTFBqWHp6ekh6VFBWTDUKSmR1Q1Z1U3hJM3hwS3Z2SGlvSjZvdVlsQXl2RkowS09ZTTJsdzNHVXVBcDZRZEZ3N3pRZkxpUkNGL2hTWkhTbwpQa21tVVBXRVRHYWNjejJXZkJWazdzWnhCSElQQWdNQkFBR2pXVEJYTUE0R0ExVWREd0VCL3dRRUF3SUNwREFQCkJnTlZIUk1CQWY4RUJUQURBUUgvTUIwR0ExVWREZ1FXQkJTMDNoUFU5UDRxUnBJSXNtQ1lDZXJNYjdLRFFUQVYKQmdOVkhSRUVEakFNZ2dwcmRXSmxjbTVsZEdWek1BMEdDU3FHU0liM0RRRUJDd1VBQTRJQkFRQWl4UXo5bEloSwowVUpxazc1VnUxSElwMW9rWm1RTXZ3Wnljd0xKdzZNaC8rZTBBZEZ0Mi90S2ZoSmFZRk90NExOdVRxclR3eFpwCnBPQmlaQWM3alBCeW5MNFdIZklFVGdLK2I2VWxOTFA4dUd4U21BWUpaeGRVdTRUS3hnMktYWW1NRU8wWkZtNUcKUC8yWk9EVEhTSGt3cHp4YnAvT3YxK1l1cjcvb0dGTjVla1o5S3AwNDFZSXBWaC8yMkZlMU9DNjRUNFlORkxIVApGTnhvMVRVNFBYV3lyTVFtNzd1bVA1QUpkUXhYNkl1TmorOWFHTHd2ZVpUbm9tY05QYndUM2QxbHVpVG45c0QrCkNNU0NTMVpxeFRiKy81MlFaSmdQZzNTZUpBQmJ4czdMWnJWcEVjWm9Tckw2Q1BYREN1dTJBV3NJRk1QRnhDYzEKdmpYQ01HRGJZdU5nCi0tLS0tRU5EIENFUlRJRklDQVRFLS0tLS0K"
              }
            ],
            "cluster_id": null,
            "created_at": "2024-08-12 17:50:30.849 +0000 UTC",
            "enabled_cluster_log_types": [],
            "encryption_config": [],
            "endpoint": "https://7D830625E3A805209BAF5DB7778ACEDC.gr7.ap-south-1.eks.amazonaws.com",
            "id": "test",
            "identity": [
              {
                "oidc": [
                  {
                    "issuer": "https://oidc.eks.ap-south-1.amazonaws.com/id/7D830625E3A805209BAF5DB7778ACEDC"
                  }
                ]
              }
            ],
            "kubernetes_network_config": [
              {
                "ip_family": "ipv4",
                "service_ipv4_cidr": "172.20.0.0/16",
                "service_ipv6_cidr": ""
              }
            ],
            "name": "test",
            "outpost_config": [],
            "platform_version": "eks.6",
            "role_arn": "arn:aws:iam::443235607914:role/test-cluster-role",
            "status": "ACTIVE",
            "tags": {},
            "tags_all": {},
            "timeouts": null,
            "version": "1.30",
            "vpc_config": [
              {
                "cluster_security_group_id": "sg-0378c4c5687b633f3",
                "endpoint_private_access": true,
                "endpoint_public_access": true,
                "public_access_cidrs": [
                  "0.0.0.0/0"
                ],
                "security_group_ids": [
                  "sg-0aff54c2f13ae5c5e"
                ],
                "subnet_ids": [
                  "subnet-00b6623104c42c09f",
                  "subnet-0c97091846bf6cf67"
                ],
                "vpc_id": "vpc-0e2a11be8bf488266"
              }
            ]
          },
          "sensitive_attributes": [],
          "private": "eyJlMmJmYjczMC1lY2FhLTExZTYtOGY4OC0zNDM2M2JjN2M0YzAiOnsiY3JlYXRlIjoxODAwMDAwMDAwMDAwLCJkZWxldGUiOjkwMDAwMDAwMDAwMCwidXBkYXRlIjozNjAwMDAwMDAwMDAwfX0=",
          "dependencies": [
            "aws_iam_role.primary",
            "aws_security_group.eks",
            "aws_subnet.subnet_1",
            "aws_subnet.subnet_2",
            "aws_vpc.main"
          ]
        }
      ]
    },
    {
      "mode": "managed",
      "type": "aws_iam_openid_connect_provider",
      "name": "test",
      "provider": "provider[\"registry.terraform.io/hashicorp/aws\"]",
      "instances": [
        {
          "schema_version": 0,
          "attributes": {
            "arn": "arn:aws:iam::443235607914:oidc-provider/oidc.eks.ap-south-1.amazonaws.com/id/7D830625E3A805209BAF5DB7778ACEDC",
            "client_id_list": [
              "sts.amazonaws.com"
            ],
            "id": "arn:aws:iam::443235607914:oidc-provider/oidc.eks.ap-south-1.amazonaws.com/id/7D830625E3A805209BAF5DB7778ACEDC",
            "tags": {},
            "tags_all": {},
            "thumbprint_list": [
              "9e99a48a9960b14926bb7f3b02e22da2b0ab7280"
            ],
            "url": "oidc.eks.ap-south-1.amazonaws.com/id/7D830625E3A805209BAF5DB7778ACEDC"
          },
          "sensitive_attributes": [],
          "private": "bnVsbA==",
          "dependencies": [
            "aws_eks_cluster.test",
            "aws_iam_role.primary",
            "aws_security_group.eks",
            "aws_subnet.subnet_1",
            "aws_subnet.subnet_2",
            "aws_vpc.main",
            "data.external.thumbprint"
          ]
        }
      ]
    },
    {
      "mode": "managed",
      "type": "aws_iam_role",
      "name": "primary",
      "provider": "provider[\"registry.terraform.io/hashicorp/aws\"]",
      "instances": [
        {
          "schema_version": 0,
          "attributes": {
            "arn": "arn:aws:iam::443235607914:role/test-cluster-role",
            "assume_role_policy": "{\"Statement\":[{\"Action\":\"sts:AssumeRole\",\"Effect\":\"Allow\",\"Principal\":{\"Service\":\"eks.amazonaws.com\"}}],\"Version\":\"2012-10-17\"}",
            "create_date": "2024-08-12T17:50:16Z",
            "description": "",
            "force_detach_policies": false,
            "id": "test-cluster-role",
            "inline_policy": [],
            "managed_policy_arns": [
              "arn:aws:iam::aws:policy/AmazonEKSClusterPolicy"
            ],
            "max_session_duration": 3600,
            "name": "test-cluster-role",
            "name_prefix": "",
            "path": "/",
            "permissions_boundary": null,
            "role_last_used": [
              {
                "last_used_date": "2024-08-13T12:26:19Z",
                "region": "ap-south-1"
              }
            ],
            "tags": {},
            "tags_all": {},
            "unique_id": "AROAWOMXGUVVP2LKBFXPW"
          },
          "sensitive_attributes": [],
          "private": "bnVsbA=="
        }
      ]
    },
    {
      "mode": "managed",
      "type": "aws_iam_role_policy_attachment",
      "name": "eks_cluster_node_policy",
      "provider": "provider[\"registry.terraform.io/hashicorp/aws\"]",
      "instances": [
        {
          "schema_version": 0,
          "attributes": {
            "id": "test-cluster-role-20240812175018119300000001",
            "policy_arn": "arn:aws:iam::aws:policy/AmazonEKSClusterPolicy",
            "role": "test-cluster-role"
          },
          "sensitive_attributes": [],
          "private": "bnVsbA==",
          "dependencies": [
            "aws_iam_role.primary"
          ]
        }
      ]
    },
    {
      "mode": "managed",
      "type": "aws_internet_gateway",
      "name": "igw",
      "provider": "provider[\"registry.terraform.io/hashicorp/aws\"]",
      "instances": [
        {
          "schema_version": 0,
          "attributes": {
            "arn": "arn:aws:ec2:ap-south-1:443235607914:internet-gateway/igw-054a64d88b3b1cde7",
            "id": "igw-054a64d88b3b1cde7",
            "owner_id": "443235607914",
            "tags": {
              "Name": "main"
            },
            "tags_all": {
              "Name": "main"
            },
            "timeouts": null,
            "vpc_id": "vpc-0e2a11be8bf488266"
          },
          "sensitive_attributes": [],
          "private": "eyJlMmJmYjczMC1lY2FhLTExZTYtOGY4OC0zNDM2M2JjN2M0YzAiOnsiY3JlYXRlIjoxMjAwMDAwMDAwMDAwLCJkZWxldGUiOjEyMDAwMDAwMDAwMDAsInVwZGF0ZSI6MTIwMDAwMDAwMDAwMH19",
          "dependencies": [
            "aws_vpc.main"
          ]
        }
      ]
    },
    {
      "mode": "managed",
      "type": "aws_route_table",
      "name": "subnet_1_rt",
      "provider": "provider[\"registry.terraform.io/hashicorp/aws\"]",
      "instances": [
        {
          "schema_version": 0,
          "attributes": {
            "arn": "arn:aws:ec2:ap-south-1:443235607914:route-table/rtb-0437e3152c4678db3",
            "id": "rtb-0437e3152c4678db3",
            "owner_id": "443235607914",
            "propagating_vgws": [],
            "route": [
              {
                "carrier_gateway_id": "",
                "cidr_block": "0.0.0.0/0",
                "core_network_arn": "",
                "destination_prefix_list_id": "",
                "egress_only_gateway_id": "",
                "gateway_id": "igw-054a64d88b3b1cde7",
                "instance_id": "",
                "ipv6_cidr_block": "",
                "local_gateway_id": "",
                "nat_gateway_id": "",
                "network_interface_id": "",
                "transit_gateway_id": "",
                "vpc_endpoint_id": "",
                "vpc_peering_connection_id": ""
              }
            ],
            "tags": {},
            "tags_all": {},
            "timeouts": null,
            "vpc_id": "vpc-0e2a11be8bf488266"
          },
          "sensitive_attributes": [],
          "private": "eyJlMmJmYjczMC1lY2FhLTExZTYtOGY4OC0zNDM2M2JjN2M0YzAiOnsiY3JlYXRlIjozMDAwMDAwMDAwMDAsImRlbGV0ZSI6MzAwMDAwMDAwMDAwLCJ1cGRhdGUiOjEyMDAwMDAwMDAwMH19",
          "dependencies": [
            "aws_internet_gateway.igw",
            "aws_vpc.main"
          ]
        }
      ]
    },
    {
      "mode": "managed",
      "type": "aws_route_table",
      "name": "subnet_2_rt",
      "provider": "provider[\"registry.terraform.io/hashicorp/aws\"]",
      "instances": [
        {
          "schema_version": 0,
          "attributes": {
            "arn": "arn:aws:ec2:ap-south-1:443235607914:route-table/rtb-0c7ca9b0506645d6e",
            "id": "rtb-0c7ca9b0506645d6e",
            "owner_id": "443235607914",
            "propagating_vgws": [],
            "route": [
              {
                "carrier_gateway_id": "",
                "cidr_block": "0.0.0.0/0",
                "core_network_arn": "",
                "destination_prefix_list_id": "",
                "egress_only_gateway_id": "",
                "gateway_id": "igw-054a64d88b3b1cde7",
                "instance_id": "",
                "ipv6_cidr_block": "",
                "local_gateway_id": "",
                "nat_gateway_id": "",
                "network_interface_id": "",
                "transit_gateway_id": "",
                "vpc_endpoint_id": "",
                "vpc_peering_connection_id": ""
              }
            ],
            "tags": {},
            "tags_all": {},
            "timeouts": null,
            "vpc_id": "vpc-0e2a11be8bf488266"
          },
          "sensitive_attributes": [],
          "private": "eyJlMmJmYjczMC1lY2FhLTExZTYtOGY4OC0zNDM2M2JjN2M0YzAiOnsiY3JlYXRlIjozMDAwMDAwMDAwMDAsImRlbGV0ZSI6MzAwMDAwMDAwMDAwLCJ1cGRhdGUiOjEyMDAwMDAwMDAwMH19",
          "dependencies": [
            "aws_internet_gateway.igw",
            "aws_vpc.main"
          ]
        }
      ]
    },
    {
      "mode": "managed",
      "type": "aws_route_table_association",
      "name": "subnet_1_association",
      "provider": "provider[\"registry.terraform.io/hashicorp/aws\"]",
      "instances": [
        {
          "schema_version": 0,
          "attributes": {
            "gateway_id": "",
            "id": "rtbassoc-0cc22000c502b0991",
            "route_table_id": "rtb-0437e3152c4678db3",
            "subnet_id": "subnet-0c97091846bf6cf67",
            "timeouts": null
          },
          "sensitive_attributes": [],
          "private": "eyJlMmJmYjczMC1lY2FhLTExZTYtOGY4OC0zNDM2M2JjN2M0YzAiOnsiY3JlYXRlIjozMDAwMDAwMDAwMDAsImRlbGV0ZSI6MzAwMDAwMDAwMDAwLCJ1cGRhdGUiOjEyMDAwMDAwMDAwMH19",
          "dependencies": [
            "aws_internet_gateway.igw",
            "aws_route_table.subnet_1_rt",
            "aws_subnet.subnet_1",
            "aws_vpc.main"
          ]
        }
      ]
    },
    {
      "mode": "managed",
      "type": "aws_route_table_association",
      "name": "subnet_2_association",
      "provider": "provider[\"registry.terraform.io/hashicorp/aws\"]",
      "instances": [
        {
          "schema_version": 0,
          "attributes": {
            "gateway_id": "",
            "id": "rtbassoc-0ce63a0726ee76b05",
            "route_table_id": "rtb-0c7ca9b0506645d6e",
            "subnet_id": "subnet-00b6623104c42c09f",
            "timeouts": null
          },
          "sensitive_attributes": [],
          "private": "eyJlMmJmYjczMC1lY2FhLTExZTYtOGY4OC0zNDM2M2JjN2M0YzAiOnsiY3JlYXRlIjozMDAwMDAwMDAwMDAsImRlbGV0ZSI6MzAwMDAwMDAwMDAwLCJ1cGRhdGUiOjEyMDAwMDAwMDAwMH19",
          "dependencies": [
            "aws_internet_gateway.igw",
            "aws_route_table.subnet_2_rt",
            "aws_subnet.subnet_2",
            "aws_vpc.main"
          ]
        }
      ]
    },
    {
      "mode": "managed",
      "type": "aws_security_group",
      "name": "eks",
      "provider": "provider[\"registry.terraform.io/hashicorp/aws\"]",
      "instances": [
        {
          "schema_version": 1,
          "attributes": {
            "arn": "arn:aws:ec2:ap-south-1:443235607914:security-group/sg-0aff54c2f13ae5c5e",
            "description": "Allow traffic",
            "egress": [
              {
                "cidr_blocks": [
                  "0.0.0.0/0"
                ],
                "description": "",
                "from_port": 0,
                "ipv6_cidr_blocks": [
                  "::/0"
                ],
                "prefix_list_ids": [],
                "protocol": "tcp",
                "security_groups": [],
                "self": false,
                "to_port": 65535
              }
            ],
            "id": "sg-0aff54c2f13ae5c5e",
            "ingress": [
              {
                "cidr_blocks": [
                  "0.0.0.0/0"
                ],
                "description": "World",
                "from_port": 0,
                "ipv6_cidr_blocks": [
                  "::/0"
                ],
                "prefix_list_ids": [],
                "protocol": "tcp",
                "security_groups": [],
                "self": false,
                "to_port": 65535
              }
            ],
            "name": "eks-cluster-test",
            "name_prefix": "",
            "owner_id": "443235607914",
            "revoke_rules_on_delete": false,
            "tags": {},
            "tags_all": {},
            "timeouts": null,
            "vpc_id": "vpc-0e2a11be8bf488266"
          },
          "sensitive_attributes": [],
          "private": "eyJlMmJmYjczMC1lY2FhLTExZTYtOGY4OC0zNDM2M2JjN2M0YzAiOnsiY3JlYXRlIjo2MDAwMDAwMDAwMDAsImRlbGV0ZSI6OTAwMDAwMDAwMDAwfSwic2NoZW1hX3ZlcnNpb24iOiIxIn0=",
          "dependencies": [
            "aws_vpc.main"
          ]
        }
      ]
    },
    {
      "mode": "managed",
      "type": "aws_subnet",
      "name": "subnet_1",
      "provider": "provider[\"registry.terraform.io/hashicorp/aws\"]",
      "instances": [
        {
          "schema_version": 1,
          "attributes": {
            "arn": "arn:aws:ec2:ap-south-1:443235607914:subnet/subnet-0c97091846bf6cf67",
            "assign_ipv6_address_on_creation": false,
            "availability_zone": "ap-south-1a",
            "availability_zone_id": "aps1-az1",
            "cidr_block": "10.0.0.0/24",
            "customer_owned_ipv4_pool": "",
            "enable_dns64": false,
            "enable_lni_at_device_index": 0,
            "enable_resource_name_dns_a_record_on_launch": false,
            "enable_resource_name_dns_aaaa_record_on_launch": false,
            "id": "subnet-0c97091846bf6cf67",
            "ipv6_cidr_block": "",
            "ipv6_cidr_block_association_id": "",
            "ipv6_native": false,
            "map_customer_owned_ip_on_launch": false,
            "map_public_ip_on_launch": true,
            "outpost_arn": "",
            "owner_id": "443235607914",
            "private_dns_hostname_type_on_launch": "ip-name",
            "tags": {
              "Name": "main",
              "kubernetes.io/role/elb": "1"
            },
            "tags_all": {
              "Name": "main",
              "kubernetes.io/role/elb": "1"
            },
            "timeouts": null,
            "vpc_id": "vpc-0e2a11be8bf488266"
          },
          "sensitive_attributes": [],
          "private": "eyJlMmJmYjczMC1lY2FhLTExZTYtOGY4OC0zNDM2M2JjN2M0YzAiOnsiY3JlYXRlIjo2MDAwMDAwMDAwMDAsImRlbGV0ZSI6MTIwMDAwMDAwMDAwMH0sInNjaGVtYV92ZXJzaW9uIjoiMSJ9",
          "dependencies": [
            "aws_vpc.main"
          ]
        }
      ]
    },
    {
      "mode": "managed",
      "type": "aws_subnet",
      "name": "subnet_2",
      "provider": "provider[\"registry.terraform.io/hashicorp/aws\"]",
      "instances": [
        {
          "schema_version": 1,
          "attributes": {
            "arn": "arn:aws:ec2:ap-south-1:443235607914:subnet/subnet-00b6623104c42c09f",
            "assign_ipv6_address_on_creation": false,
            "availability_zone": "ap-south-1b",
            "availability_zone_id": "aps1-az3",
            "cidr_block": "10.0.128.0/24",
            "customer_owned_ipv4_pool": "",
            "enable_dns64": false,
            "enable_lni_at_device_index": 0,
            "enable_resource_name_dns_a_record_on_launch": false,
            "enable_resource_name_dns_aaaa_record_on_launch": false,
            "id": "subnet-00b6623104c42c09f",
            "ipv6_cidr_block": "",
            "ipv6_cidr_block_association_id": "",
            "ipv6_native": false,
            "map_customer_owned_ip_on_launch": false,
            "map_public_ip_on_launch": true,
            "outpost_arn": "",
            "owner_id": "443235607914",
            "private_dns_hostname_type_on_launch": "ip-name",
            "tags": {
              "Name": "main",
              "kubernetes.io/role/elb": "1"
            },
            "tags_all": {
              "Name": "main",
              "kubernetes.io/role/elb": "1"
            },
            "timeouts": null,
            "vpc_id": "vpc-0e2a11be8bf488266"
          },
          "sensitive_attributes": [],
          "private": "eyJlMmJmYjczMC1lY2FhLTExZTYtOGY4OC0zNDM2M2JjN2M0YzAiOnsiY3JlYXRlIjo2MDAwMDAwMDAwMDAsImRlbGV0ZSI6MTIwMDAwMDAwMDAwMH0sInNjaGVtYV92ZXJzaW9uIjoiMSJ9",
          "dependencies": [
            "aws_vpc.main"
          ]
        }
      ]
    },
    {
      "mode": "managed",
      "type": "aws_vpc",
      "name": "main",
      "provider": "provider[\"registry.terraform.io/hashicorp/aws\"]",
      "instances": [
        {
          "schema_version": 1,
          "attributes": {
            "arn": "arn:aws:ec2:ap-south-1:443235607914:vpc/vpc-0e2a11be8bf488266",
            "assign_generated_ipv6_cidr_block": false,
            "cidr_block": "10.0.0.0/16",
            "default_network_acl_id": "acl-0b0d6aaf4f19d94ba",
            "default_route_table_id": "rtb-0eb79ed7dbd369190",
            "default_security_group_id": "sg-0c28255ba148d4f23",
            "dhcp_options_id": "dopt-045369568134b18e1",
            "enable_classiclink": false,
            "enable_classiclink_dns_support": false,
            "enable_dns_hostnames": false,
            "enable_dns_support": true,
            "enable_network_address_usage_metrics": false,
            "id": "vpc-0e2a11be8bf488266",
            "instance_tenancy": "default",
            "ipv4_ipam_pool_id": null,
            "ipv4_netmask_length": null,
            "ipv6_association_id": "",
            "ipv6_cidr_block": "",
            "ipv6_cidr_block_network_border_group": "",
            "ipv6_ipam_pool_id": "",
            "ipv6_netmask_length": 0,
            "main_route_table_id": "rtb-0eb79ed7dbd369190",
            "owner_id": "443235607914",
            "tags": {
              "Name": "main"
            },
            "tags_all": {
              "Name": "main"
            }
          },
          "sensitive_attributes": [],
          "private": "eyJzY2hlbWFfdmVyc2lvbiI6IjEifQ=="
        }
      ]
    },
    {
      "module": "module.test_nodegroup",
      "mode": "data",
      "type": "aws_iam_policy_document",
      "name": "cluster_autoscaler_assume_role_policy",
      "provider": "module.test_nodegroup.provider[\"registry.terraform.io/hashicorp/aws\"]",
      "instances": [
        {
          "schema_version": 0,
          "attributes": {
            "id": "546898498",
            "json": "{\n  \"Version\": \"2012-10-17\",\n  \"Statement\": [\n    {\n      \"Sid\": \"\",\n      \"Effect\": \"Allow\",\n      \"Action\": \"sts:AssumeRoleWithWebIdentity\",\n      \"Principal\": {\n        \"Federated\": \"arn:aws:iam::443235607914:oidc-provider/oidc.eks.ap-south-1.amazonaws.com/id/7D830625E3A805209BAF5DB7778ACEDC\"\n      },\n      \"Condition\": {\n        \"StringEquals\": {\n          \"oidc.eks.ap-south-1.amazonaws.com/id/7D830625E3A805209BAF5DB7778ACEDC:sub\": \"system:serviceaccount:kube-system:cluster-autoscaler\"\n        }\n      }\n    }\n  ]\n}",
            "override_json": null,
            "override_policy_documents": null,
            "policy_id": null,
            "source_json": null,
            "source_policy_documents": null,
            "statement": [
              {
                "actions": [
                  "sts:AssumeRoleWithWebIdentity"
                ],
                "condition": [
                  {
                    "test": "StringEquals",
                    "values": [
                      "system:serviceaccount:kube-system:cluster-autoscaler"
                    ],
                    "variable": "oidc.eks.ap-south-1.amazonaws.com/id/7D830625E3A805209BAF5DB7778ACEDC:sub"
                  }
                ],
                "effect": "Allow",
                "not_actions": [],
                "not_principals": [],
                "not_resources": [],
                "principals": [
                  {
                    "identifiers": [
                      "arn:aws:iam::443235607914:oidc-provider/oidc.eks.ap-south-1.amazonaws.com/id/7D830625E3A805209BAF5DB7778ACEDC"
                    ],
                    "type": "Federated"
                  }
                ],
                "resources": [],
                "sid": ""
              }
            ],
            "version": "2012-10-17"
          },
          "sensitive_attributes": []
        }
      ]
    },
    {
      "module": "module.test_nodegroup",
      "mode": "managed",
      "type": "aws_eks_node_group",
      "name": "this",
      "provider": "module.test_nodegroup.provider[\"registry.terraform.io/hashicorp/aws\"]",
      "instances": [
        {
          "schema_version": 0,
          "attributes": {
            "ami_type": "AL2_x86_64",
            "arn": "arn:aws:eks:ap-south-1:443235607914:nodegroup/test/test_nodegroup/56c8a3df-0691-623f-30f9-5dd5cbe1a78c",
            "capacity_type": "ON_DEMAND",
            "cluster_name": "test",
            "disk_size": 20,
            "force_update_version": null,
            "id": "test:test_nodegroup",
            "instance_types": [
              "t3.micro"
            ],
            "labels": {
              "group": "test_nodegroup"
            },
            "launch_template": [],
            "node_group_name": "test_nodegroup",
            "node_group_name_prefix": "",
            "node_role_arn": "arn:aws:iam::443235607914:role/test_nodegroup-node-group-role",
            "release_version": "1.30.2-20240807",
            "remote_access": [],
            "resources": [
              {
                "autoscaling_groups": [
                  {
                    "name": "eks-test_nodegroup-56c8a3df-0691-623f-30f9-5dd5cbe1a78c"
                  }
                ],
                "remote_access_security_group_id": ""
              }
            ],
            "scaling_config": [
              {
                "desired_size": 3,
                "max_size": 6,
                "min_size": 3
              }
            ],
            "status": "ACTIVE",
            "subnet_ids": [
              "subnet-00b6623104c42c09f",
              "subnet-0c97091846bf6cf67"
            ],
            "tags": {},
            "tags_all": {},
            "taint": [],
            "timeouts": null,
            "update_config": [
              {
                "max_unavailable": 1,
                "max_unavailable_percentage": 0
              }
            ],
            "version": "1.30"
          },
          "sensitive_attributes": [],
          "private": "eyJlMmJmYjczMC1lY2FhLTExZTYtOGY4OC0zNDM2M2JjN2M0YzAiOnsiY3JlYXRlIjozNjAwMDAwMDAwMDAwLCJkZWxldGUiOjM2MDAwMDAwMDAwMDAsInVwZGF0ZSI6MzYwMDAwMDAwMDAwMH19",
          "dependencies": [
            "aws_eks_cluster.test",
            "aws_iam_role.primary",
            "aws_security_group.eks",
            "aws_subnet.subnet_1",
            "aws_subnet.subnet_2",
            "aws_vpc.main",
            "module.test_nodegroup.aws_iam_role.node_group",
            "module.test_nodegroup.aws_iam_role_policy_attachment.ec2_container_registry_readonly",
            "module.test_nodegroup.aws_iam_role_policy_attachment.eks_cni_policy",
            "module.test_nodegroup.aws_iam_role_policy_attachment.eks_worker_node_policy"
          ]
        }
      ]
    },
    {
      "module": "module.test_nodegroup",
      "mode": "managed",
      "type": "aws_iam_policy",
      "name": "cluster_autoscaler",
      "provider": "module.test_nodegroup.provider[\"registry.terraform.io/hashicorp/aws\"]",
      "instances": [
        {
          "schema_version": 0,
          "attributes": {
            "arn": "arn:aws:iam::443235607914:policy/test_nodegroup-cluster-autoscaler",
            "description": "",
            "id": "arn:aws:iam::443235607914:policy/test_nodegroup-cluster-autoscaler",
            "name": "test_nodegroup-cluster-autoscaler",
            "name_prefix": "",
            "path": "/",
            "policy": "{\"Statement\":[{\"Action\":[\"autoscaling:DescribeAutoScalingGroups\",\"autoscaling:DescribeAutoScalingInstances\",\"autoscaling:DescribeLaunchConfigurations\",\"autoscaling:DescribeTags\",\"autoscaling:SetDesiredCapacity\",\"autoscaling:TerminateInstanceInAutoScalingGroup\",\"ec2:DescribeLaunchTemplateVersions\"],\"Effect\":\"Allow\",\"Resource\":\"*\"}],\"Version\":\"2012-10-17\"}",
            "policy_id": "ANPAWOMXGUVVBGOIW2XEC",
            "tags": null,
            "tags_all": {}
          },
          "sensitive_attributes": [],
          "private": "bnVsbA=="
        }
      ]
    },
    {
      "module": "module.test_nodegroup",
      "mode": "managed",
      "type": "aws_iam_role",
      "name": "cluster_autoscaler",
      "provider": "module.test_nodegroup.provider[\"registry.terraform.io/hashicorp/aws\"]",
      "instances": [
        {
          "schema_version": 0,
          "attributes": {
            "arn": "arn:aws:iam::443235607914:role/test_nodegroup-cluster-autoscaler",
            "assume_role_policy": "{\"Statement\":[{\"Action\":\"sts:AssumeRoleWithWebIdentity\",\"Condition\":{\"StringEquals\":{\"oidc.eks.ap-south-1.amazonaws.com/id/7D830625E3A805209BAF5DB7778ACEDC:sub\":\"system:serviceaccount:kube-system:cluster-autoscaler\"}},\"Effect\":\"Allow\",\"Principal\":{\"Federated\":\"arn:aws:iam::443235607914:oidc-provider/oidc.eks.ap-south-1.amazonaws.com/id/7D830625E3A805209BAF5DB7778ACEDC\"},\"Sid\":\"\"}],\"Version\":\"2012-10-17\"}",
            "create_date": "2024-08-13T12:40:12Z",
            "description": "",
            "force_detach_policies": false,
            "id": "test_nodegroup-cluster-autoscaler",
            "inline_policy": [],
            "managed_policy_arns": [],
            "max_session_duration": 3600,
            "name": "test_nodegroup-cluster-autoscaler",
            "name_prefix": "",
            "path": "/",
            "permissions_boundary": null,
            "role_last_used": [
              {
                "last_used_date": "",
                "region": ""
              }
            ],
            "tags": null,
            "tags_all": {},
            "unique_id": "AROAWOMXGUVVE6H4PTQ4L"
          },
          "sensitive_attributes": [],
          "private": "bnVsbA==",
          "dependencies": [
            "module.test_nodegroup.data.aws_iam_policy_document.cluster_autoscaler_assume_role_policy"
          ]
        }
      ]
    },
    {
      "module": "module.test_nodegroup",
      "mode": "managed",
      "type": "aws_iam_role",
      "name": "node_group",
      "provider": "module.test_nodegroup.provider[\"registry.terraform.io/hashicorp/aws\"]",
      "instances": [
        {
          "schema_version": 0,
          "attributes": {
            "arn": "arn:aws:iam::443235607914:role/test_nodegroup-node-group-role",
            "assume_role_policy": "{\"Statement\":[{\"Action\":\"sts:AssumeRole\",\"Effect\":\"Allow\",\"Principal\":{\"Service\":\"ec2.amazonaws.com\"}}],\"Version\":\"2012-10-17\"}",
            "create_date": "2024-08-12T17:50:16Z",
            "description": "",
            "force_detach_policies": false,
            "id": "test_nodegroup-node-group-role",
            "inline_policy": [],
            "managed_policy_arns": [
              "arn:aws:iam::aws:policy/AmazonEC2ContainerRegistryReadOnly",
              "arn:aws:iam::aws:policy/AmazonEKSWorkerNodePolicy",
              "arn:aws:iam::aws:policy/AmazonEKS_CNI_Policy"
            ],
            "max_session_duration": 3600,
            "name": "test_nodegroup-node-group-role",
            "name_prefix": "",
            "path": "/",
            "permissions_boundary": null,
            "role_last_used": [
              {
                "last_used_date": "2024-08-13T12:16:56Z",
                "region": "ap-south-1"
              }
            ],
            "tags": {},
            "tags_all": {},
            "unique_id": "AROAWOMXGUVVLYIAND2TE"
          },
          "sensitive_attributes": [],
          "private": "bnVsbA=="
        }
      ]
    },
    {
      "module": "module.test_nodegroup",
      "mode": "managed",
      "type": "aws_iam_role_policy_attachment",
      "name": "cluster_autoscaler_attachment",
      "provider": "module.test_nodegroup.provider[\"registry.terraform.io/hashicorp/aws\"]",
      "instances": [
        {
          "schema_version": 0,
          "attributes": {
            "id": "test_nodegroup-cluster-autoscaler-20240813124013807000000001",
            "policy_arn": "arn:aws:iam::443235607914:policy/test_nodegroup-cluster-autoscaler",
            "role": "test_nodegroup-cluster-autoscaler"
          },
          "sensitive_attributes": [],
          "private": "bnVsbA==",
          "dependencies": [
            "module.test_nodegroup.aws_iam_policy.cluster_autoscaler",
            "module.test_nodegroup.aws_iam_role.cluster_autoscaler",
            "module.test_nodegroup.data.aws_iam_policy_document.cluster_autoscaler_assume_role_policy"
          ]
        }
      ]
    },
    {
      "module": "module.test_nodegroup",
      "mode": "managed",
      "type": "aws_iam_role_policy_attachment",
      "name": "ec2_container_registry_readonly",
      "provider": "module.test_nodegroup.provider[\"registry.terraform.io/hashicorp/aws\"]",
      "instances": [
        {
          "schema_version": 0,
          "attributes": {
            "id": "test_nodegroup-node-group-role-20240812175018223800000002",
            "policy_arn": "arn:aws:iam::aws:policy/AmazonEC2ContainerRegistryReadOnly",
            "role": "test_nodegroup-node-group-role"
          },
          "sensitive_attributes": [],
          "private": "bnVsbA==",
          "dependencies": [
            "module.test_nodegroup.aws_iam_role.node_group"
          ]
        }
      ]
    },
    {
      "module": "module.test_nodegroup",
      "mode": "managed",
      "type": "aws_iam_role_policy_attachment",
      "name": "eks_cni_policy",
      "provider": "module.test_nodegroup.provider[\"registry.terraform.io/hashicorp/aws\"]",
      "instances": [
        {
          "schema_version": 0,
          "attributes": {
            "id": "test_nodegroup-node-group-role-20240812175017927300000001",
            "policy_arn": "arn:aws:iam::aws:policy/AmazonEKS_CNI_Policy",
            "role": "test_nodegroup-node-group-role"
          },
          "sensitive_attributes": [],
          "private": "bnVsbA==",
          "dependencies": [
            "module.test_nodegroup.aws_iam_role.node_group"
          ]
        }
      ]
    },
    {
      "module": "module.test_nodegroup",
      "mode": "managed",
      "type": "aws_iam_role_policy_attachment",
      "name": "eks_worker_node_policy",
      "provider": "module.test_nodegroup.provider[\"registry.terraform.io/hashicorp/aws\"]",
      "instances": [
        {
          "schema_version": 0,
          "attributes": {
            "id": "test_nodegroup-node-group-role-20240812175018517800000003",
            "policy_arn": "arn:aws:iam::aws:policy/AmazonEKSWorkerNodePolicy",
            "role": "test_nodegroup-node-group-role"
          },
          "sensitive_attributes": [],
          "private": "bnVsbA==",
          "dependencies": [
            "module.test_nodegroup.aws_iam_role.node_group"
          ]
        }
      ]
    }
  ],
  "check_results": null
}
